// !$*UTF8*$!
{
	archiveVersion = 1;
	classes = {
	};
	objectVersion = 46;
	objects = {

/* Begin PBXBuildFile section */
		353604741E2EE82C002FACE7 /* AppDelegate.swift in Sources */ = {isa = PBXBuildFile; fileRef = 353604731E2EE82C002FACE7 /* AppDelegate.swift */; };
		353604761E2EE82C002FACE7 /* MemeEditorViewController.swift in Sources */ = {isa = PBXBuildFile; fileRef = 353604751E2EE82C002FACE7 /* MemeEditorViewController.swift */; };
		353604791E2EE82C002FACE7 /* Main.storyboard in Resources */ = {isa = PBXBuildFile; fileRef = 353604771E2EE82C002FACE7 /* Main.storyboard */; };
		3536047B1E2EE82C002FACE7 /* Assets.xcassets in Resources */ = {isa = PBXBuildFile; fileRef = 3536047A1E2EE82C002FACE7 /* Assets.xcassets */; };
		3536047E1E2EE82C002FACE7 /* LaunchScreen.storyboard in Resources */ = {isa = PBXBuildFile; fileRef = 3536047C1E2EE82C002FACE7 /* LaunchScreen.storyboard */; };
		353604861E2EF6A2002FACE7 /* Meme.swift in Sources */ = {isa = PBXBuildFile; fileRef = 353604851E2EF6A2002FACE7 /* Meme.swift */; };
/* End PBXBuildFile section */

/* Begin PBXFileReference section */
		353604701E2EE82C002FACE7 /* MemeMe.app */ = {isa = PBXFileReference; explicitFileType = wrapper.application; includeInIndex = 0; path = MemeMe.app; sourceTree = BUILT_PRODUCTS_DIR; };
		353604731E2EE82C002FACE7 /* AppDelegate.swift */ = {isa = PBXFileReference; lastKnownFileType = sourcecode.swift; path = AppDelegate.swift; sourceTree = "<group>"; };
		353604751E2EE82C002FACE7 /* MemeEditorViewController.swift */ = {isa = PBXFileReference; lastKnownFileType = sourcecode.swift; path = MemeEditorViewController.swift; sourceTree = "<group>"; };
		353604781E2EE82C002FACE7 /* Base */ = {isa = PBXFileReference; lastKnownFileType = file.storyboard; name = Base; path = Base.lproj/Main.storyboard; sourceTree = "<group>"; };
		3536047A1E2EE82C002FACE7 /* Assets.xcassets */ = {isa = PBXFileReference; lastKnownFileType = folder.assetcatalog; path = Assets.xcassets; sourceTree = "<group>"; };
		3536047D1E2EE82C002FACE7 /* Base */ = {isa = PBXFileReference; lastKnownFileType = file.storyboard; name = Base; path = Base.lproj/LaunchScreen.storyboard; sourceTree = "<group>"; };
		3536047F1E2EE82C002FACE7 /* Info.plist */ = {isa = PBXFileReference; lastKnownFileType = text.plist.xml; path = Info.plist; sourceTree = "<group>"; };
		353604851E2EF6A2002FACE7 /* Meme.swift */ = {isa = PBXFileReference; fileEncoding = 4; lastKnownFileType = sourcecode.swift; path = Meme.swift; sourceTree = "<group>"; };
/* End PBXFileReference section */

/* Begin PBXFrameworksBuildPhase section */
		3536046D1E2EE82C002FACE7 /* Frameworks */ = {
			isa = PBXFrameworksBuildPhase;
			buildActionMask = 2147483647;
			files = (
			);
			runOnlyForDeploymentPostprocessing = 0;
		};
/* End PBXFrameworksBuildPhase section */

/* Begin PBXGroup section */
		353604671E2EE82C002FACE7 = {
			isa = PBXGroup;
			children = (
				353604721E2EE82C002FACE7 /* MemeMe */,
				353604711E2EE82C002FACE7 /* Products */,
			);
			sourceTree = "<group>";
		};
		353604711E2EE82C002FACE7 /* Products */ = {
			isa = PBXGroup;
			children = (
				353604701E2EE82C002FACE7 /* MemeMe.app */,
			);
			name = Products;
			sourceTree = "<group>";
		};
		353604721E2EE82C002FACE7 /* MemeMe */ = {
			isa = PBXGroup;
			children = (
				353604731E2EE82C002FACE7 /* AppDelegate.swift */,
				353604751E2EE82C002FACE7 /* MemeEditorViewController.swift */,
				353604851E2EF6A2002FACE7 /* Meme.swift */,
				353604771E2EE82C002FACE7 /* Main.storyboard */,
				3536047A1E2EE82C002FACE7 /* Assets.xcassets */,
				3536047C1E2EE82C002FACE7 /* LaunchScreen.storyboard */,
				3536047F1E2EE82C002FACE7 /* Info.plist */,
			);
			path = MemeMe;
			sourceTree = "<group>";
		};
/* End PBXGroup section */

/* Begin PBXNativeTarget section */
		3536046F1E2EE82C002FACE7 /* MemeMe */ = {
			isa = PBXNativeTarget;
			buildConfigurationList = 353604821E2EE82C002FACE7 /* Build configuration list for PBXNativeTarget "MemeMe" */;
			buildPhases = (
				3536046C1E2EE82C002FACE7 /* Sources */,
				3536046D1E2EE82C002FACE7 /* Frameworks */,
				3536046E1E2EE82C002FACE7 /* Resources */,
			);
			buildRules = (
			);
			dependencies = (
			);
			name = MemeMe;
			productName = MemeMe;
			productReference = 353604701E2EE82C002FACE7 /* MemeMe.app */;
			productType = "com.apple.product-type.application";
		};
/* End PBXNativeTarget section */

/* Begin PBXProject section */
		353604681E2EE82C002FACE7 /* Project object */ = {
			isa = PBXProject;
			attributes = {
				LastSwiftUpdateCheck = 0820;
				LastUpgradeCheck = 0820;
				ORGANIZATIONNAME = "Flavio Kreis";
				TargetAttributes = {
					3536046F1E2EE82C002FACE7 = {
						CreatedOnToolsVersion = 8.2.1;
						DevelopmentTeam = 6V8SD293TR;
						ProvisioningStyle = Automatic;
					};
				};
			};
			buildConfigurationList = 3536046B1E2EE82C002FACE7 /* Build configuration list for PBXProject "MemeMe" */;
			compatibilityVersion = "Xcode 3.2";
			developmentRegion = English;
			hasScannedForEncodings = 0;
			knownRegions = (
				en,
				Base,
			);
			mainGroup = 353604671E2EE82C002FACE7;
			productRefGroup = 353604711E2EE82C002FACE7 /* Products */;
			projectDirPath = "";
			projectRoot = "";
			targets = (
				3536046F1E2EE82C002FACE7 /* MemeMe */,
			);
		};
/* End PBXProject section */

/* Begin PBXResourcesBuildPhase section */
		3536046E1E2EE82C002FACE7 /* Resources */ = {
			isa = PBXResourcesBuildPhase;
			buildActionMask = 2147483647;
			files = (
				3536047E1E2EE82C002FACE7 /* LaunchScreen.storyboard in Resources */,
				3536047B1E2EE82C002FACE7 /* Assets.xcassets in Resources */,
				353604791E2EE82C002FACE7 /* Main.storyboard in Resources */,
			);
			runOnlyForDeploymentPostprocessing = 0;
		};
/* End PBXResourcesBuildPhase section */

/* Begin PBXSourcesBuildPhase section */
		3536046C1E2EE82C002FACE7 /* Sources */ = {
			isa = PBXSourcesBuildPhase;
			buildActionMask = 2147483647;
			files = (
				353604861E2EF6A2002FACE7 /* Meme.swift in Sources */,
				353604761E2EE82C002FACE7 /* MemeEditorViewController.swift in Sources */,
				353604741E2EE82C002FACE7 /* AppDelegate.swift in Sources */,
			);
			runOnlyForDeploymentPostprocessing = 0;
		};
/* End PBXSourcesBuildPhase section */

/* Begin PBXVariantGroup section */
		353604771E2EE82C002FACE7 /* Main.storyboard */ = {
			isa = PBXVariantGroup;
			children = (
				353604781E2EE82C002FACE7 /* Base */,
			);
			name = Main.storyboard;
			sourceTree = "<group>";
		};
		3536047C1E2EE82C002FACE7 /* LaunchScreen.storyboard */ = {
			isa = PBXVariantGroup;
			children = (
				3536047D1E2EE82C002FACE7 /* Base */,
			);
			name = LaunchScreen.storyboard;
			sourceTree = "<group>";
		};
/* End PBXVariantGroup section */

/* Begin XCBuildConfiguration section */
		353604801E2EE82C002FACE7 /* Debug */ = {
			isa = XCBuildConfiguration;
			buildSettings = {
				ALWAYS_SEARCH_USER_PATHS = NO;
				CLANG_ANALYZER_NONNULL = YES;
				CLANG_CXX_LANGUAGE_STANDARD = "gnu++0x";
				CLANG_CXX_LIBRARY = "libc++";
				CLANG_ENABLE_MODULES = YES;
				CLANG_ENABLE_OBJC_ARC = YES;
				CLANG_WARN_BOOL_CONVERSION = YES;
				CLANG_WARN_CONSTANT_CONVERSION = YES;
				CLANG_WARN_DIRECT_OBJC_ISA_USAGE = YES_ERROR;
				CLANG_WARN_DOCUMENTATION_COMMENTS = YES;
				CLANG_WARN_EMPTY_BODY = YES;
				CLANG_WARN_ENUM_CONVERSION = YES;
				CLANG_WARN_INFINITE_RECURSION = YES;
				CLANG_WARN_INT_CONVERSION = YES;
				CLANG_WARN_OBJC_ROOT_CLASS = YES_ERROR;
				CLANG_WARN_SUSPICIOUS_MOVE = YES;
				CLANG_WARN_UNREACHABLE_CODE = YES;
				CLANG_WARN__DUPLICATE_METHOD_MATCH = YES;
				"CODE_SIGN_IDENTITY[sdk=iphoneos*]" = "iPhone Developer";
				COPY_PHASE_STRIP = NO;
				DEBUG_INFORMATION_FORMAT = dwarf;
				ENABLE_STRICT_OBJC_MSGSEND = YES;
				ENABLE_TESTABILITY = YES;
				GCC_C_LANGUAGE_STANDARD = gnu99;
				GCC_DYNAMIC_NO_PIC = NO;
				GCC_NO_COMMON_BLOCKS = YES;
				GCC_OPTIMIZATION_LEVEL = 0;
				GCC_PREPROCESSOR_DEFINITIONS = (
					"DEBUG=1",
					"$(inherited)",
				);
				GCC_WARN_64_TO_32_BIT_CONVERSION = YES;
				GCC_WARN_ABOUT_RETURN_TYPE = YES_ERROR;
				GCC_WARN_UNDECLARED_SELECTOR = YES;
				GCC_WARN_UNINITIALIZED_AUTOS = YES_AGGRESSIVE;
				GCC_WARN_UNUSED_FUNCTION = YES;
				GCC_WARN_UNUSED_VARIABLE = YES;
				IPHONEOS_DEPLOYMENT_TARGET = 10.2;
				MTL_ENABLE_DEBUG_INFO = YES;
				ONLY_ACTIVE_ARCH = YES;
				SDKROOT = iphoneos;
				SWIFT_ACTIVE_COMPILATION_CONDITIONS = DEBUG;
				SWIFT_OPTIMIZATION_LEVEL = "-Onone";
				TARGETED_DEVICE_FAMILY = "1,2";
			};
			name = Debug;
		};
		353604811E2EE82C002FACE7 /* Release */ = {
			isa = XCBuildConfiguration;
			buildSettings = {
				ALWAYS_SEARCH_USER_PATHS = NO;
				CLANG_ANALYZER_NONNULL = YES;
				CLANG_CXX_LANGUAGE_STANDARD = "gnu++0x";
				CLANG_CXX_LIBRARY = "libc++";
				CLANG_ENABLE_MODULES = YES;
				CLANG_ENABLE_OBJC_ARC = YES;
				CLANG_WARN_BOOL_CONVERSION = YES;
				CLANG_WARN_CONSTANT_CONVERSION = YES;
				CLANG_WARN_DIRECT_OBJC_ISA_USAGE = YES_ERROR;
				CLANG_WARN_DOCUMENTATION_COMMENTS = YES;
				CLANG_WARN_EMPTY_BODY = YES;
				CLANG_WARN_ENUM_CONVERSION = YES;
				CLANG_WARN_INFINITE_RECURSION = YES;
				CLANG_WARN_INT_CONVERSION = YES;
				CLANG_WARN_OBJC_ROOT_CLASS = YES_ERROR;
				CLANG_WARN_SUSPICIOUS_MOVE = YES;
				CLANG_WARN_UNREACHABLE_CODE = YES;
				CLANG_WARN__DUPLICATE_METHOD_MATCH = YES;
				"CODE_SIGN_IDENTITY[sdk=iphoneos*]" = "iPhone Developer";
				COPY_PHASE_STRIP = NO;
				DEBUG_INFORMATION_FORMAT = "dwarf-with-dsym";
				ENABLE_NS_ASSERTIONS = NO;
				ENABLE_STRICT_OBJC_MSGSEND = YES;
				GCC_C_LANGUAGE_STANDARD = gnu99;
				GCC_NO_COMMON_BLOCKS = YES;
				GCC_WARN_64_TO_32_BIT_CONVERSION = YES;
				GCC_WARN_ABOUT_RETURN_TYPE = YES_ERROR;
				GCC_WARN_UNDECLARED_SELECTOR = YES;
				GCC_WARN_UNINITIALIZED_AUTOS = YES_AGGRESSIVE;
				GCC_WARN_UNUSED_FUNCTION = YES;
				GCC_WARN_UNUSED_VARIABLE = YES;
				IPHONEOS_DEPLOYMENT_TARGET = 10.2;
				MTL_ENABLE_DEBUG_INFO = NO;
				SDKROOT = iphoneos;
				SWIFT_OPTIMIZATION_LEVEL = "-Owholemodule";
				TARGETED_DEVICE_FAMILY = "1,2";
				VALIDATE_PRODUCT = YES;
			};
			name = Release;
		};
		353604831E2EE82C002FACE7 /* Debug */ = {
			isa = XCBuildConfiguration;
			buildSettings = {
				ASSETCATALOG_COMPILER_APPICON_NAME = AppIcon;
				DEVELOPMENT_TEAM = 6V8SD293TR;
				INFOPLIST_FILE = MemeMe/Info.plist;
				LD_RUNPATH_SEARCH_PATHS = "$(inherited) @executable_path/Frameworks";
				PRODUCT_BUNDLE_IDENTIFIER = com.flaviokreis.MemeMe;
				PRODUCT_NAME = "$(TARGET_NAME)";
				SWIFT_VERSION = 3.0;
			};
			name = Debug;
		};
		353604841E2EE82C002FACE7 /* Release */ = {
			isa = XCBuildConfiguration;
			buildSettings = {
				ASSETCATALOG_COMPILER_APPICON_NAME = AppIcon;
				DEVELOPMENT_TEAM = 6V8SD293TR;
				INFOPLIST_FILE = MemeMe/Info.plist;
				LD_RUNPATH_SEARCH_PATHS = "$(inherited) @executable_path/Frameworks";
				PRODUCT_BUNDLE_IDENTIFIER = com.flaviokreis.MemeMe;
				PRODUCT_NAME = "$(TARGET_NAME)";
				SWIFT_VERSION = 3.0;
			};
			name = Release;
		};
/* End XCBuildConfiguration section */

/* Begin XCConfigurationList section */
		3536046B1E2EE82C002FACE7 /* Build configuration list for PBXProject "MemeMe" */ = {
			isa = XCConfigurationList;
			buildConfigurations = (
				353604801E2EE82C002FACE7 /* Debug */,
				353604811E2EE82C002FACE7 /* Release */,
			);
			defaultConfigurationIsVisible = 0;
			defaultConfigurationName = Release;
		};
		353604821E2EE82C002FACE7 /* Build configuration list for PBXNativeTarget "MemeMe" */ = {
			isa = XCConfigurationList;
			buildConfigurations = (
				353604831E2EE82C002FACE7 /* Debug */,
				353604841E2EE82C002FACE7 /* Release */,
			);
			defaultConfigurationIsVisible = 0;
			defaultConfigurationName = Release;
		};
/* End XCConfigurationList section */
	};
	rootObject = 353604681E2EE82C002FACE7 /* Project object */;
}
